// !$*UTF8*$!
{
	archiveVersion = 1;
	classes = {
	};
	objectVersion = 46;
	objects = {

/* Begin PBXBuildFile section */
		090873721F0D3565002225D2 /* CameraHandler.swift in Sources */ = {isa = PBXBuildFile; fileRef = 090873711F0D3565002225D2 /* CameraHandler.swift */; };
		09125C5A1F0446AF00C3AE5C /* AppDelegate.swift in Sources */ = {isa = PBXBuildFile; fileRef = 09125C591F0446AF00C3AE5C /* AppDelegate.swift */; };
		09125C5C1F0446AF00C3AE5C /* ViewController.swift in Sources */ = {isa = PBXBuildFile; fileRef = 09125C5B1F0446AF00C3AE5C /* ViewController.swift */; };
		09125C5F1F0446AF00C3AE5C /* Main.storyboard in Resources */ = {isa = PBXBuildFile; fileRef = 09125C5D1F0446AF00C3AE5C /* Main.storyboard */; };
		09125C611F0446AF00C3AE5C /* Assets.xcassets in Resources */ = {isa = PBXBuildFile; fileRef = 09125C601F0446AF00C3AE5C /* Assets.xcassets */; };
		09125C641F0446AF00C3AE5C /* LaunchScreen.storyboard in Resources */ = {isa = PBXBuildFile; fileRef = 09125C621F0446AF00C3AE5C /* LaunchScreen.storyboard */; };
		09125C6F1F0446AF00C3AE5C /* Pocket_RecordsTests.swift in Sources */ = {isa = PBXBuildFile; fileRef = 09125C6E1F0446AF00C3AE5C /* Pocket_RecordsTests.swift */; };
		09125C7A1F0446AF00C3AE5C /* Pocket_RecordsUITests.swift in Sources */ = {isa = PBXBuildFile; fileRef = 09125C791F0446AF00C3AE5C /* Pocket_RecordsUITests.swift */; };
		09125C891F0446D400C3AE5C /* TimeForUs.mp3 in Resources */ = {isa = PBXBuildFile; fileRef = 09125C881F0446D400C3AE5C /* TimeForUs.mp3 */; };
		09125C8B1F04575500C3AE5C /* SongPlayViewController.swift in Sources */ = {isa = PBXBuildFile; fileRef = 09125C8A1F04575500C3AE5C /* SongPlayViewController.swift */; };
		09125C8D1F04576900C3AE5C /* SongListViewController.swift in Sources */ = {isa = PBXBuildFile; fileRef = 09125C8C1F04576900C3AE5C /* SongListViewController.swift */; };
		09125C8F1F0566B000C3AE5C /* LittleHollywood.mp3 in Resources */ = {isa = PBXBuildFile; fileRef = 09125C8E1F0566AF00C3AE5C /* LittleHollywood.mp3 */; };
		09125C911F05677600C3AE5C /* Love$ick.mp3 in Resources */ = {isa = PBXBuildFile; fileRef = 09125C901F05677600C3AE5C /* Love$ick.mp3 */; };
		09125C931F05761A00C3AE5C /* Images.xcassets in Resources */ = {isa = PBXBuildFile; fileRef = 09125C921F05761A00C3AE5C /* Images.xcassets */; };
		09546EA81F088AD60047DCE9 /* CanvasViewController.swift in Sources */ = {isa = PBXBuildFile; fileRef = 09546EA71F088AD60047DCE9 /* CanvasViewController.swift */; };
/* End PBXBuildFile section */

/* Begin PBXContainerItemProxy section */
		09125C6B1F0446AF00C3AE5C /* PBXContainerItemProxy */ = {
			isa = PBXContainerItemProxy;
			containerPortal = 09125C4E1F0446AF00C3AE5C /* Project object */;
			proxyType = 1;
			remoteGlobalIDString = 09125C551F0446AF00C3AE5C;
			remoteInfo = "Pocket Records";
		};
		09125C761F0446AF00C3AE5C /* PBXContainerItemProxy */ = {
			isa = PBXContainerItemProxy;
			containerPortal = 09125C4E1F0446AF00C3AE5C /* Project object */;
			proxyType = 1;
			remoteGlobalIDString = 09125C551F0446AF00C3AE5C;
			remoteInfo = "Pocket Records";
		};
/* End PBXContainerItemProxy section */

/* Begin PBXFileReference section */
		090873711F0D3565002225D2 /* CameraHandler.swift */ = {isa = PBXFileReference; fileEncoding = 4; lastKnownFileType = sourcecode.swift; path = CameraHandler.swift; sourceTree = "<group>"; };
		09125C561F0446AF00C3AE5C /* Pocket Records.app */ = {isa = PBXFileReference; explicitFileType = wrapper.application; includeInIndex = 0; path = "Pocket Records.app"; sourceTree = BUILT_PRODUCTS_DIR; };
		09125C591F0446AF00C3AE5C /* AppDelegate.swift */ = {isa = PBXFileReference; lastKnownFileType = sourcecode.swift; path = AppDelegate.swift; sourceTree = "<group>"; };
		09125C5B1F0446AF00C3AE5C /* ViewController.swift */ = {isa = PBXFileReference; lastKnownFileType = sourcecode.swift; path = ViewController.swift; sourceTree = "<group>"; };
		09125C5E1F0446AF00C3AE5C /* Base */ = {isa = PBXFileReference; lastKnownFileType = file.storyboard; name = Base; path = Base.lproj/Main.storyboard; sourceTree = "<group>"; };
		09125C601F0446AF00C3AE5C /* Assets.xcassets */ = {isa = PBXFileReference; lastKnownFileType = folder.assetcatalog; path = Assets.xcassets; sourceTree = "<group>"; };
		09125C631F0446AF00C3AE5C /* Base */ = {isa = PBXFileReference; lastKnownFileType = file.storyboard; name = Base; path = Base.lproj/LaunchScreen.storyboard; sourceTree = "<group>"; };
		09125C651F0446AF00C3AE5C /* Info.plist */ = {isa = PBXFileReference; lastKnownFileType = text.plist.xml; path = Info.plist; sourceTree = "<group>"; };
		09125C6A1F0446AF00C3AE5C /* Pocket RecordsTests.xctest */ = {isa = PBXFileReference; explicitFileType = wrapper.cfbundle; includeInIndex = 0; path = "Pocket RecordsTests.xctest"; sourceTree = BUILT_PRODUCTS_DIR; };
		09125C6E1F0446AF00C3AE5C /* Pocket_RecordsTests.swift */ = {isa = PBXFileReference; lastKnownFileType = sourcecode.swift; path = Pocket_RecordsTests.swift; sourceTree = "<group>"; };
		09125C701F0446AF00C3AE5C /* Info.plist */ = {isa = PBXFileReference; lastKnownFileType = text.plist.xml; path = Info.plist; sourceTree = "<group>"; };
		09125C751F0446AF00C3AE5C /* Pocket RecordsUITests.xctest */ = {isa = PBXFileReference; explicitFileType = wrapper.cfbundle; includeInIndex = 0; path = "Pocket RecordsUITests.xctest"; sourceTree = BUILT_PRODUCTS_DIR; };
		09125C791F0446AF00C3AE5C /* Pocket_RecordsUITests.swift */ = {isa = PBXFileReference; lastKnownFileType = sourcecode.swift; path = Pocket_RecordsUITests.swift; sourceTree = "<group>"; };
		09125C7B1F0446AF00C3AE5C /* Info.plist */ = {isa = PBXFileReference; lastKnownFileType = text.plist.xml; path = Info.plist; sourceTree = "<group>"; };
		09125C881F0446D400C3AE5C /* TimeForUs.mp3 */ = {isa = PBXFileReference; lastKnownFileType = audio.mp3; path = TimeForUs.mp3; sourceTree = "<group>"; };
		09125C8A1F04575500C3AE5C /* SongPlayViewController.swift */ = {isa = PBXFileReference; fileEncoding = 4; lastKnownFileType = sourcecode.swift; path = SongPlayViewController.swift; sourceTree = "<group>"; };
		09125C8C1F04576900C3AE5C /* SongListViewController.swift */ = {isa = PBXFileReference; fileEncoding = 4; lastKnownFileType = sourcecode.swift; path = SongListViewController.swift; sourceTree = "<group>"; };
		09125C8E1F0566AF00C3AE5C /* LittleHollywood.mp3 */ = {isa = PBXFileReference; lastKnownFileType = audio.mp3; path = LittleHollywood.mp3; sourceTree = "<group>"; };
		09125C901F05677600C3AE5C /* Love$ick.mp3 */ = {isa = PBXFileReference; lastKnownFileType = audio.mp3; path = Love$ick.mp3; sourceTree = "<group>"; };
		09125C921F05761A00C3AE5C /* Images.xcassets */ = {isa = PBXFileReference; lastKnownFileType = folder.assetcatalog; path = Images.xcassets; sourceTree = "<group>"; };
		09546EA71F088AD60047DCE9 /* CanvasViewController.swift */ = {isa = PBXFileReference; fileEncoding = 4; lastKnownFileType = sourcecode.swift; path = CanvasViewController.swift; sourceTree = "<group>"; };
/* End PBXFileReference section */

/* Begin PBXFrameworksBuildPhase section */
		09125C531F0446AF00C3AE5C /* Frameworks */ = {
			isa = PBXFrameworksBuildPhase;
			buildActionMask = 2147483647;
			files = (
			);
			runOnlyForDeploymentPostprocessing = 0;
		};
		09125C671F0446AF00C3AE5C /* Frameworks */ = {
			isa = PBXFrameworksBuildPhase;
			buildActionMask = 2147483647;
			files = (
			);
			runOnlyForDeploymentPostprocessing = 0;
		};
		09125C721F0446AF00C3AE5C /* Frameworks */ = {
			isa = PBXFrameworksBuildPhase;
			buildActionMask = 2147483647;
			files = (
			);
			runOnlyForDeploymentPostprocessing = 0;
		};
/* End PBXFrameworksBuildPhase section */

/* Begin PBXGroup section */
		09125C4D1F0446AE00C3AE5C = {
			isa = PBXGroup;
			children = (
				09125C581F0446AF00C3AE5C /* Pocket Records */,
				09125C6D1F0446AF00C3AE5C /* Pocket RecordsTests */,
				09125C781F0446AF00C3AE5C /* Pocket RecordsUITests */,
				09125C571F0446AF00C3AE5C /* Products */,
			);
			sourceTree = "<group>";
		};
		09125C571F0446AF00C3AE5C /* Products */ = {
			isa = PBXGroup;
			children = (
				09125C561F0446AF00C3AE5C /* Pocket Records.app */,
				09125C6A1F0446AF00C3AE5C /* Pocket RecordsTests.xctest */,
				09125C751F0446AF00C3AE5C /* Pocket RecordsUITests.xctest */,
			);
			name = Products;
			sourceTree = "<group>";
		};
		09125C581F0446AF00C3AE5C /* Pocket Records */ = {
			isa = PBXGroup;
			children = (
				09125C871F0446BF00C3AE5C /* Music */,
				09125C591F0446AF00C3AE5C /* AppDelegate.swift */,
				09125C5B1F0446AF00C3AE5C /* ViewController.swift */,
				09125C5D1F0446AF00C3AE5C /* Main.storyboard */,
				09125C601F0446AF00C3AE5C /* Assets.xcassets */,
				09125C621F0446AF00C3AE5C /* LaunchScreen.storyboard */,
				09125C651F0446AF00C3AE5C /* Info.plist */,
				09125C8A1F04575500C3AE5C /* SongPlayViewController.swift */,
				09125C8C1F04576900C3AE5C /* SongListViewController.swift */,
				09125C921F05761A00C3AE5C /* Images.xcassets */,
				09546EA71F088AD60047DCE9 /* CanvasViewController.swift */,
				090873711F0D3565002225D2 /* CameraHandler.swift */,
			);
			path = "Pocket Records";
			sourceTree = "<group>";
		};
		09125C6D1F0446AF00C3AE5C /* Pocket RecordsTests */ = {
			isa = PBXGroup;
			children = (
				09125C6E1F0446AF00C3AE5C /* Pocket_RecordsTests.swift */,
				09125C701F0446AF00C3AE5C /* Info.plist */,
			);
			path = "Pocket RecordsTests";
			sourceTree = "<group>";
		};
		09125C781F0446AF00C3AE5C /* Pocket RecordsUITests */ = {
			isa = PBXGroup;
			children = (
				09125C791F0446AF00C3AE5C /* Pocket_RecordsUITests.swift */,
				09125C7B1F0446AF00C3AE5C /* Info.plist */,
			);
			path = "Pocket RecordsUITests";
			sourceTree = "<group>";
		};
		09125C871F0446BF00C3AE5C /* Music */ = {
			isa = PBXGroup;
			children = (
				09125C881F0446D400C3AE5C /* TimeForUs.mp3 */,
				09125C8E1F0566AF00C3AE5C /* LittleHollywood.mp3 */,
				09125C901F05677600C3AE5C /* Love$ick.mp3 */,
			);
			name = Music;
			sourceTree = "<group>";
		};
/* End PBXGroup section */

/* Begin PBXNativeTarget section */
		09125C551F0446AF00C3AE5C /* Pocket Records */ = {
			isa = PBXNativeTarget;
			buildConfigurationList = 09125C7E1F0446AF00C3AE5C /* Build configuration list for PBXNativeTarget "Pocket Records" */;
			buildPhases = (
				09125C521F0446AF00C3AE5C /* Sources */,
				09125C531F0446AF00C3AE5C /* Frameworks */,
				09125C541F0446AF00C3AE5C /* Resources */,
			);
			buildRules = (
			);
			dependencies = (
			);
			name = "Pocket Records";
			productName = "Pocket Records";
			productReference = 09125C561F0446AF00C3AE5C /* Pocket Records.app */;
			productType = "com.apple.product-type.application";
		};
		09125C691F0446AF00C3AE5C /* Pocket RecordsTests */ = {
			isa = PBXNativeTarget;
			buildConfigurationList = 09125C811F0446AF00C3AE5C /* Build configuration list for PBXNativeTarget "Pocket RecordsTests" */;
			buildPhases = (
				09125C661F0446AF00C3AE5C /* Sources */,
				09125C671F0446AF00C3AE5C /* Frameworks */,
				09125C681F0446AF00C3AE5C /* Resources */,
			);
			buildRules = (
			);
			dependencies = (
				09125C6C1F0446AF00C3AE5C /* PBXTargetDependency */,
			);
			name = "Pocket RecordsTests";
			productName = "Pocket RecordsTests";
			productReference = 09125C6A1F0446AF00C3AE5C /* Pocket RecordsTests.xctest */;
			productType = "com.apple.product-type.bundle.unit-test";
		};
		09125C741F0446AF00C3AE5C /* Pocket RecordsUITests */ = {
			isa = PBXNativeTarget;
			buildConfigurationList = 09125C841F0446AF00C3AE5C /* Build configuration list for PBXNativeTarget "Pocket RecordsUITests" */;
			buildPhases = (
				09125C711F0446AF00C3AE5C /* Sources */,
				09125C721F0446AF00C3AE5C /* Frameworks */,
				09125C731F0446AF00C3AE5C /* Resources */,
			);
			buildRules = (
			);
			dependencies = (
				09125C771F0446AF00C3AE5C /* PBXTargetDependency */,
			);
			name = "Pocket RecordsUITests";
			productName = "Pocket RecordsUITests";
			productReference = 09125C751F0446AF00C3AE5C /* Pocket RecordsUITests.xctest */;
			productType = "com.apple.product-type.bundle.ui-testing";
		};
/* End PBXNativeTarget section */

/* Begin PBXProject section */
		09125C4E1F0446AF00C3AE5C /* Project object */ = {
			isa = PBXProject;
			attributes = {
				LastSwiftUpdateCheck = 0830;
				LastUpgradeCheck = 0830;
				ORGANIZATIONNAME = "Kya Suzuki";
				TargetAttributes = {
					09125C551F0446AF00C3AE5C = {
						CreatedOnToolsVersion = 8.3.3;
						DevelopmentTeam = GW257BVF78;
						ProvisioningStyle = Automatic;
					};
					09125C691F0446AF00C3AE5C = {
						CreatedOnToolsVersion = 8.3.3;
						ProvisioningStyle = Automatic;
						TestTargetID = 09125C551F0446AF00C3AE5C;
					};
					09125C741F0446AF00C3AE5C = {
						CreatedOnToolsVersion = 8.3.3;
						ProvisioningStyle = Automatic;
						TestTargetID = 09125C551F0446AF00C3AE5C;
					};
				};
			};
			buildConfigurationList = 09125C511F0446AF00C3AE5C /* Build configuration list for PBXProject "Pocket Records" */;
			compatibilityVersion = "Xcode 3.2";
			developmentRegion = English;
			hasScannedForEncodings = 0;
			knownRegions = (
				en,
				Base,
			);
			mainGroup = 09125C4D1F0446AE00C3AE5C;
			productRefGroup = 09125C571F0446AF00C3AE5C /* Products */;
			projectDirPath = "";
			projectRoot = "";
			targets = (
				09125C551F0446AF00C3AE5C /* Pocket Records */,
				09125C691F0446AF00C3AE5C /* Pocket RecordsTests */,
				09125C741F0446AF00C3AE5C /* Pocket RecordsUITests */,
			);
		};
/* End PBXProject section */

/* Begin PBXResourcesBuildPhase section */
		09125C541F0446AF00C3AE5C /* Resources */ = {
			isa = PBXResourcesBuildPhase;
			buildActionMask = 2147483647;
			files = (
				09125C8F1F0566B000C3AE5C /* LittleHollywood.mp3 in Resources */,
				09125C891F0446D400C3AE5C /* TimeForUs.mp3 in Resources */,
				09125C931F05761A00C3AE5C /* Images.xcassets in Resources */,
				09125C641F0446AF00C3AE5C /* LaunchScreen.storyboard in Resources */,
				09125C911F05677600C3AE5C /* Love$ick.mp3 in Resources */,
				09125C611F0446AF00C3AE5C /* Assets.xcassets in Resources */,
				09125C5F1F0446AF00C3AE5C /* Main.storyboard in Resources */,
			);
			runOnlyForDeploymentPostprocessing = 0;
		};
		09125C681F0446AF00C3AE5C /* Resources */ = {
			isa = PBXResourcesBuildPhase;
			buildActionMask = 2147483647;
			files = (
			);
			runOnlyForDeploymentPostprocessing = 0;
		};
		09125C731F0446AF00C3AE5C /* Resources */ = {
			isa = PBXResourcesBuildPhase;
			buildActionMask = 2147483647;
			files = (
			);
			runOnlyForDeploymentPostprocessing = 0;
		};
/* End PBXResourcesBuildPhase section */

/* Begin PBXSourcesBuildPhase section */
		09125C521F0446AF00C3AE5C /* Sources */ = {
			isa = PBXSourcesBuildPhase;
			buildActionMask = 2147483647;
			files = (
				09125C5C1F0446AF00C3AE5C /* ViewController.swift in Sources */,
				09125C8D1F04576900C3AE5C /* SongListViewController.swift in Sources */,
				090873721F0D3565002225D2 /* CameraHandler.swift in Sources */,
				09125C5A1F0446AF00C3AE5C /* AppDelegate.swift in Sources */,
				09546EA81F088AD60047DCE9 /* CanvasViewController.swift in Sources */,
				09125C8B1F04575500C3AE5C /* SongPlayViewController.swift in Sources */,
			);
			runOnlyForDeploymentPostprocessing = 0;
		};
		09125C661F0446AF00C3AE5C /* Sources */ = {
			isa = PBXSourcesBuildPhase;
			buildActionMask = 2147483647;
			files = (
				09125C6F1F0446AF00C3AE5C /* Pocket_RecordsTests.swift in Sources */,
			);
			runOnlyForDeploymentPostprocessing = 0;
		};
		09125C711F0446AF00C3AE5C /* Sources */ = {
			isa = PBXSourcesBuildPhase;
			buildActionMask = 2147483647;
			files = (
				09125C7A1F0446AF00C3AE5C /* Pocket_RecordsUITests.swift in Sources */,
			);
			runOnlyForDeploymentPostprocessing = 0;
		};
/* End PBXSourcesBuildPhase section */

/* Begin PBXTargetDependency section */
		09125C6C1F0446AF00C3AE5C /* PBXTargetDependency */ = {
			isa = PBXTargetDependency;
			target = 09125C551F0446AF00C3AE5C /* Pocket Records */;
			targetProxy = 09125C6B1F0446AF00C3AE5C /* PBXContainerItemProxy */;
		};
		09125C771F0446AF00C3AE5C /* PBXTargetDependency */ = {
			isa = PBXTargetDependency;
			target = 09125C551F0446AF00C3AE5C /* Pocket Records */;
			targetProxy = 09125C761F0446AF00C3AE5C /* PBXContainerItemProxy */;
		};
/* End PBXTargetDependency section */

/* Begin PBXVariantGroup section */
		09125C5D1F0446AF00C3AE5C /* Main.storyboard */ = {
			isa = PBXVariantGroup;
			children = (
				09125C5E1F0446AF00C3AE5C /* Base */,
			);
			name = Main.storyboard;
			sourceTree = "<group>";
		};
		09125C621F0446AF00C3AE5C /* LaunchScreen.storyboard */ = {
			isa = PBXVariantGroup;
			children = (
				09125C631F0446AF00C3AE5C /* Base */,
			);
			name = LaunchScreen.storyboard;
			sourceTree = "<group>";
		};
/* End PBXVariantGroup section */

/* Begin XCBuildConfiguration section */
		09125C7C1F0446AF00C3AE5C /* Debug */ = {
			isa = XCBuildConfiguration;
			buildSettings = {
				ALWAYS_SEARCH_USER_PATHS = NO;
				CLANG_ANALYZER_NONNULL = YES;
				CLANG_ANALYZER_NUMBER_OBJECT_CONVERSION = YES_AGGRESSIVE;
				CLANG_CXX_LANGUAGE_STANDARD = "gnu++0x";
				CLANG_CXX_LIBRARY = "libc++";
				CLANG_ENABLE_MODULES = YES;
				CLANG_ENABLE_OBJC_ARC = YES;
				CLANG_WARN_BOOL_CONVERSION = YES;
				CLANG_WARN_CONSTANT_CONVERSION = YES;
				CLANG_WARN_DIRECT_OBJC_ISA_USAGE = YES_ERROR;
				CLANG_WARN_DOCUMENTATION_COMMENTS = YES;
				CLANG_WARN_EMPTY_BODY = YES;
				CLANG_WARN_ENUM_CONVERSION = YES;
				CLANG_WARN_INFINITE_RECURSION = YES;
				CLANG_WARN_INT_CONVERSION = YES;
				CLANG_WARN_OBJC_ROOT_CLASS = YES_ERROR;
				CLANG_WARN_SUSPICIOUS_MOVE = YES;
				CLANG_WARN_UNREACHABLE_CODE = YES;
				CLANG_WARN__DUPLICATE_METHOD_MATCH = YES;
				"CODE_SIGN_IDENTITY[sdk=iphoneos*]" = "iPhone Developer";
				COPY_PHASE_STRIP = NO;
				DEBUG_INFORMATION_FORMAT = dwarf;
				ENABLE_STRICT_OBJC_MSGSEND = YES;
				ENABLE_TESTABILITY = YES;
				GCC_C_LANGUAGE_STANDARD = gnu99;
				GCC_DYNAMIC_NO_PIC = NO;
				GCC_NO_COMMON_BLOCKS = YES;
				GCC_OPTIMIZATION_LEVEL = 0;
				GCC_PREPROCESSOR_DEFINITIONS = (
					"DEBUG=1",
					"$(inherited)",
				);
				GCC_WARN_64_TO_32_BIT_CONVERSION = YES;
				GCC_WARN_ABOUT_RETURN_TYPE = YES_ERROR;
				GCC_WARN_UNDECLARED_SELECTOR = YES;
				GCC_WARN_UNINITIALIZED_AUTOS = YES_AGGRESSIVE;
				GCC_WARN_UNUSED_FUNCTION = YES;
				GCC_WARN_UNUSED_VARIABLE = YES;
				IPHONEOS_DEPLOYMENT_TARGET = 10.3;
				MTL_ENABLE_DEBUG_INFO = YES;
				ONLY_ACTIVE_ARCH = YES;
				SDKROOT = iphoneos;
				SWIFT_ACTIVE_COMPILATION_CONDITIONS = DEBUG;
				SWIFT_OPTIMIZATION_LEVEL = "-Onone";
				TARGETED_DEVICE_FAMILY = "1,2";
			};
			name = Debug;
		};
		09125C7D1F0446AF00C3AE5C /* Release */ = {
			isa = XCBuildConfiguration;
			buildSettings = {
				ALWAYS_SEARCH_USER_PATHS = NO;
				CLANG_ANALYZER_NONNULL = YES;
				CLANG_ANALYZER_NUMBER_OBJECT_CONVERSION = YES_AGGRESSIVE;
				CLANG_CXX_LANGUAGE_STANDARD = "gnu++0x";
				CLANG_CXX_LIBRARY = "libc++";
				CLANG_ENABLE_MODULES = YES;
				CLANG_ENABLE_OBJC_ARC = YES;
				CLANG_WARN_BOOL_CONVERSION = YES;
				CLANG_WARN_CONSTANT_CONVERSION = YES;
				CLANG_WARN_DIRECT_OBJC_ISA_USAGE = YES_ERROR;
				CLANG_WARN_DOCUMENTATION_COMMENTS = YES;
				CLANG_WARN_EMPTY_BODY = YES;
				CLANG_WARN_ENUM_CONVERSION = YES;
				CLANG_WARN_INFINITE_RECURSION = YES;
				CLANG_WARN_INT_CONVERSION = YES;
				CLANG_WARN_OBJC_ROOT_CLASS = YES_ERROR;
				CLANG_WARN_SUSPICIOUS_MOVE = YES;
				CLANG_WARN_UNREACHABLE_CODE = YES;
				CLANG_WARN__DUPLICATE_METHOD_MATCH = YES;
				"CODE_SIGN_IDENTITY[sdk=iphoneos*]" = "iPhone Developer";
				COPY_PHASE_STRIP = NO;
				DEBUG_INFORMATION_FORMAT = "dwarf-with-dsym";
				ENABLE_NS_ASSERTIONS = NO;
				ENABLE_STRICT_OBJC_MSGSEND = YES;
				GCC_C_LANGUAGE_STANDARD = gnu99;
				GCC_NO_COMMON_BLOCKS = YES;
				GCC_WARN_64_TO_32_BIT_CONVERSION = YES;
				GCC_WARN_ABOUT_RETURN_TYPE = YES_ERROR;
				GCC_WARN_UNDECLARED_SELECTOR = YES;
				GCC_WARN_UNINITIALIZED_AUTOS = YES_AGGRESSIVE;
				GCC_WARN_UNUSED_FUNCTION = YES;
				GCC_WARN_UNUSED_VARIABLE = YES;
				IPHONEOS_DEPLOYMENT_TARGET = 10.3;
				MTL_ENABLE_DEBUG_INFO = NO;
				SDKROOT = iphoneos;
				SWIFT_OPTIMIZATION_LEVEL = "-Owholemodule";
				TARGETED_DEVICE_FAMILY = "1,2";
				VALIDATE_PRODUCT = YES;
			};
			name = Release;
		};
		09125C7F1F0446AF00C3AE5C /* Debug */ = {
			isa = XCBuildConfiguration;
			buildSettings = {
				ASSETCATALOG_COMPILER_APPICON_NAME = AppIcon;
				DEVELOPMENT_TEAM = GW257BVF78;
				INFOPLIST_FILE = "Pocket Records/Info.plist";
				IPHONEOS_DEPLOYMENT_TARGET = 10.3;
				LD_RUNPATH_SEARCH_PATHS = "$(inherited) @executable_path/Frameworks";
				PRODUCT_BUNDLE_IDENTIFIER = "test.Pocket-Records";
				PRODUCT_NAME = "$(TARGET_NAME)";
				SWIFT_VERSION = 3.0;
			};
			name = Debug;
		};
		09125C801F0446AF00C3AE5C /* Release */ = {
			isa = XCBuildConfiguration;
			buildSettings = {
				ASSETCATALOG_COMPILER_APPICON_NAME = AppIcon;
				DEVELOPMENT_TEAM = GW257BVF78;
				INFOPLIST_FILE = "Pocket Records/Info.plist";
				IPHONEOS_DEPLOYMENT_TARGET = 10.3;
				LD_RUNPATH_SEARCH_PATHS = "$(inherited) @executable_path/Frameworks";
				PRODUCT_BUNDLE_IDENTIFIER = "test.Pocket-Records";
				PRODUCT_NAME = "$(TARGET_NAME)";
				SWIFT_VERSION = 3.0;
			};
			name = Release;
		};
		09125C821F0446AF00C3AE5C /* Debug */ = {
			isa = XCBuildConfiguration;
			buildSettings = {
				ALWAYS_EMBED_SWIFT_STANDARD_LIBRARIES = YES;
				BUNDLE_LOADER = "$(TEST_HOST)";
				INFOPLIST_FILE = "Pocket RecordsTests/Info.plist";
				LD_RUNPATH_SEARCH_PATHS = "$(inherited) @executable_path/Frameworks @loader_path/Frameworks";
				PRODUCT_BUNDLE_IDENTIFIER = "test.Pocket-RecordsTests";
				PRODUCT_NAME = "$(TARGET_NAME)";
				SWIFT_VERSION = 3.0;
				TEST_HOST = "$(BUILT_PRODUCTS_DIR)/Pocket Records.app/Pocket Records";
			};
			name = Debug;
		};
		09125C831F0446AF00C3AE5C /* Release */ = {
			isa = XCBuildConfiguration;
			buildSettings = {
				ALWAYS_EMBED_SWIFT_STANDARD_LIBRARIES = YES;
				BUNDLE_LOADER = "$(TEST_HOST)";
				INFOPLIST_FILE = "Pocket RecordsTests/Info.plist";
				LD_RUNPATH_SEARCH_PATHS = "$(inherited) @executable_path/Frameworks @loader_path/Frameworks";
				PRODUCT_BUNDLE_IDENTIFIER = "test.Pocket-RecordsTests";
				PRODUCT_NAME = "$(TARGET_NAME)";
				SWIFT_VERSION = 3.0;
				TEST_HOST = "$(BUILT_PRODUCTS_DIR)/Pocket Records.app/Pocket Records";
			};
			name = Release;
		};
		09125C851F0446AF00C3AE5C /* Debug */ = {
			isa = XCBuildConfiguration;
			buildSettings = {
				ALWAYS_EMBED_SWIFT_STANDARD_LIBRARIES = YES;
				INFOPLIST_FILE = "Pocket RecordsUITests/Info.plist";
				LD_RUNPATH_SEARCH_PATHS = "$(inherited) @executable_path/Frameworks @loader_path/Frameworks";
				PRODUCT_BUNDLE_IDENTIFIER = "test.Pocket-RecordsUITests";
				PRODUCT_NAME = "$(TARGET_NAME)";
				SWIFT_VERSION = 3.0;
				TEST_TARGET_NAME = "Pocket Records";
			};
			name = Debug;
		};
		09125C861F0446AF00C3AE5C /* Release */ = {
			isa = XCBuildConfiguration;
			buildSettings = {
				ALWAYS_EMBED_SWIFT_STANDARD_LIBRARIES = YES;
				INFOPLIST_FILE = "Pocket RecordsUITests/Info.plist";
				LD_RUNPATH_SEARCH_PATHS = "$(inherited) @executable_path/Frameworks @loader_path/Frameworks";
				PRODUCT_BUNDLE_IDENTIFIER = "test.Pocket-RecordsUITests";
				PRODUCT_NAME = "$(TARGET_NAME)";
				SWIFT_VERSION = 3.0;
				TEST_TARGET_NAME = "Pocket Records";
			};
			name = Release;
		};
/* End XCBuildConfiguration section */

/* Begin XCConfigurationList section */
		09125C511F0446AF00C3AE5C /* Build configuration list for PBXProject "Pocket Records" */ = {
			isa = XCConfigurationList;
			buildConfigurations = (
				09125C7C1F0446AF00C3AE5C /* Debug */,
				09125C7D1F0446AF00C3AE5C /* Release */,
			);
			defaultConfigurationIsVisible = 0;
			defaultConfigurationName = Release;
		};
		09125C7E1F0446AF00C3AE5C /* Build configuration list for PBXNativeTarget "Pocket Records" */ = {
			isa = XCConfigurationList;
			buildConfigurations = (
				09125C7F1F0446AF00C3AE5C /* Debug */,
				09125C801F0446AF00C3AE5C /* Release */,
			);
			defaultConfigurationIsVisible = 0;
			defaultConfigurationName = Release;
		};
		09125C811F0446AF00C3AE5C /* Build configuration list for PBXNativeTarget "Pocket RecordsTests" */ = {
			isa = XCConfigurationList;
			buildConfigurations = (
				09125C821F0446AF00C3AE5C /* Debug */,
				09125C831F0446AF00C3AE5C /* Release */,
			);
			defaultConfigurationIsVisible = 0;
			defaultConfigurationName = Release;
		};
		09125C841F0446AF00C3AE5C /* Build configuration list for PBXNativeTarget "Pocket RecordsUITests" */ = {
			isa = XCConfigurationList;
			buildConfigurations = (
				09125C851F0446AF00C3AE5C /* Debug */,
				09125C861F0446AF00C3AE5C /* Release */,
			);
			defaultConfigurationIsVisible = 0;
			defaultConfigurationName = Release;
		};
/* End XCConfigurationList section */
	};
	rootObject = 09125C4E1F0446AF00C3AE5C /* Project object */;
}
